
Microsoft Visual Studio Solution File, Format Version 12.00
# Visual Studio Version 17
VisualStudioVersion = 17.14.36603.0
MinimumVisualStudioVersion = 10.0.40219.1
Project("{FAE04EC0-301F-11D3-BF4B-00C04F79EFBC}") = "THOR_V1.Module", "THOR_V1.Module\THOR_V1.Module.csproj", "{AB8AD8F5-998B-4A27-EF3E-0E0964D516A5}"
EndProject
Project("{FAE04EC0-301F-11D3-BF4B-00C04F79EFBC}") = "THOR_V1.Blazor.Server", "THOR_V1.Blazor.Server\THOR_V1.Blazor.Server.csproj", "{0E4BAF2C-8FE3-C264-A0C5-15E208EE1BB6}"
EndProject
Global
	GlobalSection(SolutionConfigurationPlatforms) = preSolution
		Debug|Any CPU = Debug|Any CPU
		EasyTest|Any CPU = EasyTest|Any CPU
		Release|Any CPU = Release|Any CPU
	EndGlobalSection
	GlobalSection(ProjectConfigurationPlatforms) = postSolution
		{AB8AD8F5-998B-4A27-EF3E-0E0964D516A5}.Debug|Any CPU.ActiveCfg = Debug|Any CPU
		{AB8AD8F5-998B-4A27-EF3E-0E0964D516A5}.Debug|Any CPU.Build.0 = Debug|Any CPU
		{AB8AD8F5-998B-4A27-EF3E-0E0964D516A5}.EasyTest|Any CPU.ActiveCfg = EasyTest|Any CPU
		{AB8AD8F5-998B-4A27-EF3E-0E0964D516A5}.EasyTest|Any CPU.Build.0 = EasyTest|Any CPU
		{AB8AD8F5-998B-4A27-EF3E-0E0964D516A5}.Release|Any CPU.ActiveCfg = Release|Any CPU
		{AB8AD8F5-998B-4A27-EF3E-0E0964D516A5}.Release|Any CPU.Build.0 = Release|Any CPU
		{0E4BAF2C-8FE3-C264-A0C5-15E208EE1BB6}.Debug|Any CPU.ActiveCfg = Debug|Any CPU
		{0E4BAF2C-8FE3-C264-A0C5-15E208EE1BB6}.Debug|Any CPU.Build.0 = Debug|Any CPU
		{0E4BAF2C-8FE3-C264-A0C5-15E208EE1BB6}.EasyTest|Any CPU.ActiveCfg = EasyTest|Any CPU
		{0E4BAF2C-8FE3-C264-A0C5-15E208EE1BB6}.EasyTest|Any CPU.Build.0 = EasyTest|Any CPU
		{0E4BAF2C-8FE3-C264-A0C5-15E208EE1BB6}.Release|Any CPU.ActiveCfg = Release|Any CPU
		{0E4BAF2C-8FE3-C264-A0C5-15E208EE1BB6}.Release|Any CPU.Build.0 = Release|Any CPU
	EndGlobalSection
	GlobalSection(SolutionProperties) = preSolution
		HideSolutionNode = FALSE
	EndGlobalSection
EndGlobal
